
Microsoft Visual Studio Solution File, Format Version 12.00
# Visual Studio 15
VisualStudioVersion = 15.0.27703.2035
MinimumVisualStudioVersion = 10.0.40219.1
Project("{FAE04EC0-301F-11D3-BF4B-00C04F79EFBC}") = "Colectii", "Colectii\Colectii.csproj", "{94A119BB-F569-44B9-9561-9FE9CA4E1C19}"
EndProject
Global
	GlobalSection(SolutionConfigurationPlatforms) = preSolution
		Debug|Any CPU = Debug|Any CPU
		Release|Any CPU = Release|Any CPU
	EndGlobalSection
	GlobalSection(ProjectConfigurationPlatforms) = postSolution
		{94A119BB-F569-44B9-9561-9FE9CA4E1C19}.Debug|Any CPU.ActiveCfg = Debug|Any CPU
		{94A119BB-F569-44B9-9561-9FE9CA4E1C19}.Debug|Any CPU.Build.0 = Debug|Any CPU
		{94A119BB-F569-44B9-9561-9FE9CA4E1C19}.Release|Any CPU.ActiveCfg = Release|Any CPU
		{94A119BB-F569-44B9-9561-9FE9CA4E1C19}.Release|Any CPU.Build.0 = Release|Any CPU
	EndGlobalSection
	GlobalSection(SolutionProperties) = preSolution
		HideSolutionNode = FALSE
	EndGlobalSection
	GlobalSection(ExtensibilityGlobals) = postSolution
		SolutionGuid = {D42F045E-38B0-448C-82F7-A1EAA75A3C2D}
	EndGlobalSection
EndGlobal
