
Microsoft Visual Studio Solution File, Format Version 12.00
# Visual Studio 15
VisualStudioVersion = 15.0.27130.0
MinimumVisualStudioVersion = 10.0.40219.1
Project("{FAE04EC0-301F-11D3-BF4B-00C04F79EFBC}") = "Abstractizare", "Abstractizare\Abstractizare.csproj", "{949311FF-D2A1-4D04-A642-BCE199D4A287}"
EndProject
Global
	GlobalSection(SolutionConfigurationPlatforms) = preSolution
		Debug|Any CPU = Debug|Any CPU
		Release|Any CPU = Release|Any CPU
	EndGlobalSection
	GlobalSection(ProjectConfigurationPlatforms) = postSolution
		{949311FF-D2A1-4D04-A642-BCE199D4A287}.Debug|Any CPU.ActiveCfg = Debug|Any CPU
		{949311FF-D2A1-4D04-A642-BCE199D4A287}.Debug|Any CPU.Build.0 = Debug|Any CPU
		{949311FF-D2A1-4D04-A642-BCE199D4A287}.Release|Any CPU.ActiveCfg = Release|Any CPU
		{949311FF-D2A1-4D04-A642-BCE199D4A287}.Release|Any CPU.Build.0 = Release|Any CPU
	EndGlobalSection
	GlobalSection(SolutionProperties) = preSolution
		HideSolutionNode = FALSE
	EndGlobalSection
	GlobalSection(ExtensibilityGlobals) = postSolution
		SolutionGuid = {F9E45A0B-A759-4745-9F37-50F5C29F58E7}
	EndGlobalSection
EndGlobal
