
Microsoft Visual Studio Solution File, Format Version 12.00
# Visual Studio 15
VisualStudioVersion = 15.0.27130.0
MinimumVisualStudioVersion = 10.0.40219.1
Project("{FAE04EC0-301F-11D3-BF4B-00C04F79EFBC}") = "OOPLesson", "OOPLesson\OOPLesson.csproj", "{23137226-1FF9-4DD2-A0B7-7423B86F11C9}"
EndProject
Global
	GlobalSection(SolutionConfigurationPlatforms) = preSolution
		Debug|Any CPU = Debug|Any CPU
		Release|Any CPU = Release|Any CPU
	EndGlobalSection
	GlobalSection(ProjectConfigurationPlatforms) = postSolution
		{23137226-1FF9-4DD2-A0B7-7423B86F11C9}.Debug|Any CPU.ActiveCfg = Debug|Any CPU
		{23137226-1FF9-4DD2-A0B7-7423B86F11C9}.Debug|Any CPU.Build.0 = Debug|Any CPU
		{23137226-1FF9-4DD2-A0B7-7423B86F11C9}.Release|Any CPU.ActiveCfg = Release|Any CPU
		{23137226-1FF9-4DD2-A0B7-7423B86F11C9}.Release|Any CPU.Build.0 = Release|Any CPU
	EndGlobalSection
	GlobalSection(SolutionProperties) = preSolution
		HideSolutionNode = FALSE
	EndGlobalSection
	GlobalSection(ExtensibilityGlobals) = postSolution
		SolutionGuid = {03212D65-D9EE-4668-94A4-4905045E864F}
	EndGlobalSection
EndGlobal
